
Microsoft Visual Studio Solution File, Format Version 12.00
# Visual Studio Version 17
VisualStudioVersion = 17.0.32126.317
MinimumVisualStudioVersion = 10.0.40219.1
Project("{FAE04EC0-301F-11D3-BF4B-00C04F79EFBC}") = "API_User", "API_User\API_User.csproj", "{7E7AB271-CB22-4291-AB04-8BC8784672A4}"
EndProject
Global
	GlobalSection(SolutionConfigurationPlatforms) = preSolution
		Debug|Any CPU = Debug|Any CPU
		Release|Any CPU = Release|Any CPU
	EndGlobalSection
	GlobalSection(ProjectConfigurationPlatforms) = postSolution
		{7E7AB271-CB22-4291-AB04-8BC8784672A4}.Debug|Any CPU.ActiveCfg = Debug|Any CPU
		{7E7AB271-CB22-4291-AB04-8BC8784672A4}.Debug|Any CPU.Build.0 = Debug|Any CPU
		{7E7AB271-CB22-4291-AB04-8BC8784672A4}.Release|Any CPU.ActiveCfg = Release|Any CPU
		{7E7AB271-CB22-4291-AB04-8BC8784672A4}.Release|Any CPU.Build.0 = Release|Any CPU
	EndGlobalSection
	GlobalSection(SolutionProperties) = preSolution
		HideSolutionNode = FALSE
	EndGlobalSection
	GlobalSection(ExtensibilityGlobals) = postSolution
		SolutionGuid = {C83F21EC-167D-431D-8295-C8A3DEC71AF1}
	EndGlobalSection
EndGlobal
